
Microsoft Visual Studio Solution File, Format Version 12.00
# Visual Studio 2013
VisualStudioVersion = 12.0.40629.0
MinimumVisualStudioVersion = 10.0.40219.1
Project("{FAE04EC0-301F-11D3-BF4B-00C04F79EFBC}") = "OSBIDE.Analytics", "Source\OSBIDE.Analytics\OSBIDE.Analytics.csproj", "{9061DC43-536C-47FE-A0E4-BEECE73B763B}"
EndProject
Project("{FAE04EC0-301F-11D3-BF4B-00C04F79EFBC}") = "OSBIDE.Library", "Source\OSBIDE.Library\OSBIDE.Library.csproj", "{A38761C0-8F42-4C04-9DAA-05989B3971D0}"
EndProject
Project("{FAE04EC0-301F-11D3-BF4B-00C04F79EFBC}") = "OSBIDE.Controls", "Source\OSBIDE.Controls\OSBIDE.Controls.csproj", "{9EA09E78-0541-4233-B189-EE1DBD56520D}"
EndProject
Project("{FAE04EC0-301F-11D3-BF4B-00C04F79EFBC}") = "OSBIDE.Analytics.Terminal", "Source\OSBIDE.Analytics.Terminal\OSBIDE.Analytics.Terminal.csproj", "{0B410DF4-92E1-48F8-BCC2-F9125CF4F1AA}"
EndProject
Project("{FAE04EC0-301F-11D3-BF4B-00C04F79EFBC}") = "FileCache", "..\..\fc\Main\Source\FileCache\FileCache.csproj", "{E13FD5FE-7D45-4A90-8FBB-C498BD144940}"
EndProject
Project("{FAE04EC0-301F-11D3-BF4B-00C04F79EFBC}") = "OSBIDE.Analytics.Web", "Source\OSBIDE.Analytics.Web\OSBIDE.Analytics.Web.csproj", "{B29E3CFD-3DB8-4DF7-80C1-406CEA5EECBE}"
EndProject
Project("{FAE04EC0-301F-11D3-BF4B-00C04F79EFBC}") = "OSBIDE.Analytics.Library", "Source\OSBIDE.Analytics.Library\OSBIDE.Analytics.Library.csproj", "{C6992B47-B8B3-4365-9F49-B3209549C9E3}"
EndProject
Global
	GlobalSection(TeamFoundationVersionControl) = preSolution
		SccNumberOfProjects = 3
		SccEnterpriseProvider = {4CA58AB2-18FA-4F8D-95D4-32DDF27D184C}
		SccTeamFoundationServer = https://tfs.codeplex.com/tfs/tfs25
		SccProjectUniqueName0 = Source\\OSBIDE.Library\\OSBIDE.Library.csproj
		SccProjectName0 = Source/OSBIDE.Library
		SccAuxPath0 = https://tfs.codeplex.com/tfs/tfs25
		SccLocalPath0 = Source\\OSBIDE.Library
		SccProvider0 = {4CA58AB2-18FA-4F8D-95D4-32DDF27D184C}
		SccProjectUniqueName1 = Source\\OSBIDE.Controls\\OSBIDE.Controls.csproj
		SccProjectName1 = Source/OSBIDE.Controls
		SccAuxPath1 = https://tfs.codeplex.com/tfs/tfs25
		SccLocalPath1 = Source\\OSBIDE.Controls
		SccProvider1 = {4CA58AB2-18FA-4F8D-95D4-32DDF27D184C}
		SccProjectUniqueName2 = ..\\..\\fc\\Main\\Source\\FileCache\\FileCache.csproj
		SccProjectName2 = ../../fc/Main/Source/FileCache
		SccAuxPath2 = https://tfs.codeplex.com/tfs/tfs25
		SccLocalPath2 = ..\\..\\fc\\Main\\Source\\FileCache
		SccProvider2 = {4CA58AB2-18FA-4F8D-95D4-32DDF27D184C}
	EndGlobalSection
	GlobalSection(SolutionConfigurationPlatforms) = preSolution
		Debug|Any CPU = Debug|Any CPU
		Debug|x86 = Debug|x86
		OSBIDE Deployment|Any CPU = OSBIDE Deployment|Any CPU
		OSBIDE Deployment|x86 = OSBIDE Deployment|x86
		Release|Any CPU = Release|Any CPU
		Release|x86 = Release|x86
	EndGlobalSection
	GlobalSection(ProjectConfigurationPlatforms) = postSolution
		{9061DC43-536C-47FE-A0E4-BEECE73B763B}.Debug|Any CPU.ActiveCfg = Debug|Any CPU
		{9061DC43-536C-47FE-A0E4-BEECE73B763B}.Debug|Any CPU.Build.0 = Debug|Any CPU
		{9061DC43-536C-47FE-A0E4-BEECE73B763B}.Debug|x86.ActiveCfg = Debug|Any CPU
		{9061DC43-536C-47FE-A0E4-BEECE73B763B}.OSBIDE Deployment|Any CPU.ActiveCfg = Release|Any CPU
		{9061DC43-536C-47FE-A0E4-BEECE73B763B}.OSBIDE Deployment|Any CPU.Build.0 = Release|Any CPU
		{9061DC43-536C-47FE-A0E4-BEECE73B763B}.OSBIDE Deployment|x86.ActiveCfg = Release|Any CPU
		{9061DC43-536C-47FE-A0E4-BEECE73B763B}.Release|Any CPU.ActiveCfg = Release|Any CPU
		{9061DC43-536C-47FE-A0E4-BEECE73B763B}.Release|Any CPU.Build.0 = Release|Any CPU
		{9061DC43-536C-47FE-A0E4-BEECE73B763B}.Release|x86.ActiveCfg = Release|Any CPU
		{A38761C0-8F42-4C04-9DAA-05989B3971D0}.Debug|Any CPU.ActiveCfg = Debug|Any CPU
		{A38761C0-8F42-4C04-9DAA-05989B3971D0}.Debug|Any CPU.Build.0 = Debug|Any CPU
		{A38761C0-8F42-4C04-9DAA-05989B3971D0}.Debug|x86.ActiveCfg = Debug|x86
		{A38761C0-8F42-4C04-9DAA-05989B3971D0}.Debug|x86.Build.0 = Debug|x86
		{A38761C0-8F42-4C04-9DAA-05989B3971D0}.OSBIDE Deployment|Any CPU.ActiveCfg = OSBIDE Deployment|Any CPU
		{A38761C0-8F42-4C04-9DAA-05989B3971D0}.OSBIDE Deployment|Any CPU.Build.0 = OSBIDE Deployment|Any CPU
		{A38761C0-8F42-4C04-9DAA-05989B3971D0}.OSBIDE Deployment|x86.ActiveCfg = OSBIDE Deployment|x86
		{A38761C0-8F42-4C04-9DAA-05989B3971D0}.OSBIDE Deployment|x86.Build.0 = OSBIDE Deployment|x86
		{A38761C0-8F42-4C04-9DAA-05989B3971D0}.Release|Any CPU.ActiveCfg = Release|Any CPU
		{A38761C0-8F42-4C04-9DAA-05989B3971D0}.Release|Any CPU.Build.0 = Release|Any CPU
		{A38761C0-8F42-4C04-9DAA-05989B3971D0}.Release|x86.ActiveCfg = Release|x86
		{A38761C0-8F42-4C04-9DAA-05989B3971D0}.Release|x86.Build.0 = Release|x86
		{9EA09E78-0541-4233-B189-EE1DBD56520D}.Debug|Any CPU.ActiveCfg = Debug|Any CPU
		{9EA09E78-0541-4233-B189-EE1DBD56520D}.Debug|Any CPU.Build.0 = Debug|Any CPU
		{9EA09E78-0541-4233-B189-EE1DBD56520D}.Debug|x86.ActiveCfg = Debug|Any CPU
		{9EA09E78-0541-4233-B189-EE1DBD56520D}.OSBIDE Deployment|Any CPU.ActiveCfg = Release|Any CPU
		{9EA09E78-0541-4233-B189-EE1DBD56520D}.OSBIDE Deployment|Any CPU.Build.0 = Release|Any CPU
		{9EA09E78-0541-4233-B189-EE1DBD56520D}.OSBIDE Deployment|x86.ActiveCfg = Release|Any CPU
		{9EA09E78-0541-4233-B189-EE1DBD56520D}.Release|Any CPU.ActiveCfg = Release|Any CPU
		{9EA09E78-0541-4233-B189-EE1DBD56520D}.Release|Any CPU.Build.0 = Release|Any CPU
		{9EA09E78-0541-4233-B189-EE1DBD56520D}.Release|x86.ActiveCfg = Release|Any CPU
		{0B410DF4-92E1-48F8-BCC2-F9125CF4F1AA}.Debug|Any CPU.ActiveCfg = Debug|Any CPU
		{0B410DF4-92E1-48F8-BCC2-F9125CF4F1AA}.Debug|Any CPU.Build.0 = Debug|Any CPU
		{0B410DF4-92E1-48F8-BCC2-F9125CF4F1AA}.Debug|x86.ActiveCfg = Debug|Any CPU
		{0B410DF4-92E1-48F8-BCC2-F9125CF4F1AA}.OSBIDE Deployment|Any CPU.ActiveCfg = Release|Any CPU
		{0B410DF4-92E1-48F8-BCC2-F9125CF4F1AA}.OSBIDE Deployment|Any CPU.Build.0 = Release|Any CPU
		{0B410DF4-92E1-48F8-BCC2-F9125CF4F1AA}.OSBIDE Deployment|x86.ActiveCfg = Release|Any CPU
		{0B410DF4-92E1-48F8-BCC2-F9125CF4F1AA}.Release|Any CPU.ActiveCfg = Release|Any CPU
		{0B410DF4-92E1-48F8-BCC2-F9125CF4F1AA}.Release|Any CPU.Build.0 = Release|Any CPU
		{0B410DF4-92E1-48F8-BCC2-F9125CF4F1AA}.Release|x86.ActiveCfg = Release|Any CPU
		{E13FD5FE-7D45-4A90-8FBB-C498BD144940}.Debug|Any CPU.ActiveCfg = Debug|Any CPU
		{E13FD5FE-7D45-4A90-8FBB-C498BD144940}.Debug|Any CPU.Build.0 = Debug|Any CPU
		{E13FD5FE-7D45-4A90-8FBB-C498BD144940}.Debug|x86.ActiveCfg = Debug|Any CPU
		{E13FD5FE-7D45-4A90-8FBB-C498BD144940}.OSBIDE Deployment|Any CPU.ActiveCfg = Release|Any CPU
		{E13FD5FE-7D45-4A90-8FBB-C498BD144940}.OSBIDE Deployment|Any CPU.Build.0 = Release|Any CPU
		{E13FD5FE-7D45-4A90-8FBB-C498BD144940}.OSBIDE Deployment|x86.ActiveCfg = Release|Any CPU
		{E13FD5FE-7D45-4A90-8FBB-C498BD144940}.Release|Any CPU.ActiveCfg = Release|Any CPU
		{E13FD5FE-7D45-4A90-8FBB-C498BD144940}.Release|Any CPU.Build.0 = Release|Any CPU
		{E13FD5FE-7D45-4A90-8FBB-C498BD144940}.Release|x86.ActiveCfg = Release|Any CPU
		{B29E3CFD-3DB8-4DF7-80C1-406CEA5EECBE}.Debug|Any CPU.ActiveCfg = Debug|Any CPU
		{B29E3CFD-3DB8-4DF7-80C1-406CEA5EECBE}.Debug|Any CPU.Build.0 = Debug|Any CPU
		{B29E3CFD-3DB8-4DF7-80C1-406CEA5EECBE}.Debug|x86.ActiveCfg = Debug|Any CPU
		{B29E3CFD-3DB8-4DF7-80C1-406CEA5EECBE}.OSBIDE Deployment|Any CPU.ActiveCfg = Release|Any CPU
		{B29E3CFD-3DB8-4DF7-80C1-406CEA5EECBE}.OSBIDE Deployment|Any CPU.Build.0 = Release|Any CPU
		{B29E3CFD-3DB8-4DF7-80C1-406CEA5EECBE}.OSBIDE Deployment|x86.ActiveCfg = Release|Any CPU
		{B29E3CFD-3DB8-4DF7-80C1-406CEA5EECBE}.Release|Any CPU.ActiveCfg = Release|Any CPU
		{B29E3CFD-3DB8-4DF7-80C1-406CEA5EECBE}.Release|Any CPU.Build.0 = Release|Any CPU
		{B29E3CFD-3DB8-4DF7-80C1-406CEA5EECBE}.Release|x86.ActiveCfg = Release|Any CPU
		{C6992B47-B8B3-4365-9F49-B3209549C9E3}.Debug|Any CPU.ActiveCfg = Debug|Any CPU
		{C6992B47-B8B3-4365-9F49-B3209549C9E3}.Debug|Any CPU.Build.0 = Debug|Any CPU
		{C6992B47-B8B3-4365-9F49-B3209549C9E3}.Debug|x86.ActiveCfg = Debug|Any CPU
		{C6992B47-B8B3-4365-9F49-B3209549C9E3}.OSBIDE Deployment|Any CPU.ActiveCfg = Release|Any CPU
		{C6992B47-B8B3-4365-9F49-B3209549C9E3}.OSBIDE Deployment|Any CPU.Build.0 = Release|Any CPU
		{C6992B47-B8B3-4365-9F49-B3209549C9E3}.OSBIDE Deployment|x86.ActiveCfg = Release|Any CPU
		{C6992B47-B8B3-4365-9F49-B3209549C9E3}.Release|Any CPU.ActiveCfg = Release|Any CPU
		{C6992B47-B8B3-4365-9F49-B3209549C9E3}.Release|Any CPU.Build.0 = Release|Any CPU
		{C6992B47-B8B3-4365-9F49-B3209549C9E3}.Release|x86.ActiveCfg = Release|Any CPU
	EndGlobalSection
	GlobalSection(SolutionProperties) = preSolution
		HideSolutionNode = FALSE
	EndGlobalSection
EndGlobal
